
Microsoft Visual Studio Solution File, Format Version 12.00
# Visual Studio Version 16
VisualStudioVersion = 16.0.33801.447
MinimumVisualStudioVersion = 10.0.40219.1
Project("{F184B08F-C81C-45F6-A57F-5ABD9991F28F}") = "TurkLib", "TurkLib.vbproj", "{B77C1281-BBB7-4BF0-B67C-3CE94FFF3488}"
EndProject
Project("{2150E333-8FDC-42A3-9474-1A3956D46DE8}") = "Solution Items", "Solution Items", "{AFF8F7A2-7336-4C58-B4E4-029CA363F5DC}"
	ProjectSection(SolutionItems) = preProject
		Class1.vb = Class1.vb
	EndProjectSection
EndProject
Global
	GlobalSection(SolutionConfigurationPlatforms) = preSolution
		Debug|Any CPU = Debug|Any CPU
		Release|Any CPU = Release|Any CPU
	EndGlobalSection
	GlobalSection(ProjectConfigurationPlatforms) = postSolution
		{B77C1281-BBB7-4BF0-B67C-3CE94FFF3488}.Debug|Any CPU.ActiveCfg = Debug|Any CPU
		{B77C1281-BBB7-4BF0-B67C-3CE94FFF3488}.Debug|Any CPU.Build.0 = Debug|Any CPU
		{B77C1281-BBB7-4BF0-B67C-3CE94FFF3488}.Release|Any CPU.ActiveCfg = Release|Any CPU
		{B77C1281-BBB7-4BF0-B67C-3CE94FFF3488}.Release|Any CPU.Build.0 = Release|Any CPU
	EndGlobalSection
	GlobalSection(SolutionProperties) = preSolution
		HideSolutionNode = FALSE
	EndGlobalSection
	GlobalSection(ExtensibilityGlobals) = postSolution
		SolutionGuid = {D7F42775-7FCF-4A1E-8D05-F4C70BAB4016}
	EndGlobalSection
EndGlobal
